PODS:
  - Alamofire (3.2.0)
  - GoogleMaps (1.12.1)
  - SwiftyTimer (1.2.0)

DEPENDENCIES:
  - Alamofire
  - GoogleMaps
  - SwiftyTimer

SPEC CHECKSUMS:
  Alamofire: 4da478599fccddff361205c8929333d7fe18dceb
  GoogleMaps: d4e7526e96e78faf7131ea95f13dd5411cc2916d
  SwiftyTimer: 5453593e0aaacfb1611fb6986d257281140913bb

COCOAPODS: 0.39.0
