// !$*UTF8*$!
{
	archiveVersion = 1;
	classes = {
	};
	objectVersion = 46;
	objects = {

/* Begin PBXBuildFile section */
		E08751F54E85BF346DCFA679 /* Pods_Chromatic.framework in Frameworks */ = {isa = PBXBuildFile; fileRef = D47D1C5C0B08D08B3B92D9F3 /* Pods_Chromatic.framework */; };
		EA1734261BA676DE008F9BB0 /* AppDelegate.swift in Sources */ = {isa = PBXBuildFile; fileRef = EA1734251BA676DE008F9BB0 /* AppDelegate.swift */; };
		EA17342B1BA676DE008F9BB0 /* Main.storyboard in Resources */ = {isa = PBXBuildFile; fileRef = EA1734291BA676DE008F9BB0 /* Main.storyboard */; };
		EA17342D1BA676DE008F9BB0 /* Assets.xcassets in Resources */ = {isa = PBXBuildFile; fileRef = EA17342C1BA676DE008F9BB0 /* Assets.xcassets */; };
		EA1734301BA676DE008F9BB0 /* LaunchScreen.storyboard in Resources */ = {isa = PBXBuildFile; fileRef = EA17342E1BA676DE008F9BB0 /* LaunchScreen.storyboard */; };
		EA17343B1BA676DE008F9BB0 /* ChromaticTests.swift in Sources */ = {isa = PBXBuildFile; fileRef = EA17343A1BA676DE008F9BB0 /* ChromaticTests.swift */; };
		EA1734461BA676DE008F9BB0 /* ChromaticUITests.swift in Sources */ = {isa = PBXBuildFile; fileRef = EA1734451BA676DE008F9BB0 /* ChromaticUITests.swift */; };
		EA2B5E3B1BD499A6005DAB1F /* StoreKit.framework in Frameworks */ = {isa = PBXBuildFile; fileRef = EA2B5E3A1BD499A6005DAB1F /* StoreKit.framework */; };
		EA2DD6301C8F4A1300BC68AD /* Array+Extensions.swift in Sources */ = {isa = PBXBuildFile; fileRef = EA2DD62F1C8F4A1300BC68AD /* Array+Extensions.swift */; };
		EA3CEEEE1BA67DC5000DC2F9 /* ColorModel.swift in Sources */ = {isa = PBXBuildFile; fileRef = EA3CEEE81BA67DC5000DC2F9 /* ColorModel.swift */; };
		EA3CEEEF1BA67DC5000DC2F9 /* ColorViewController.swift in Sources */ = {isa = PBXBuildFile; fileRef = EA3CEEE91BA67DC5000DC2F9 /* ColorViewController.swift */; };
		EA3CEEF01BA67DC5000DC2F9 /* SettingsViewController.swift in Sources */ = {isa = PBXBuildFile; fileRef = EA3CEEEA1BA67DC5000DC2F9 /* SettingsViewController.swift */; };
		EA3CEEF11BA67DC5000DC2F9 /* UIColor+Extensions.swift in Sources */ = {isa = PBXBuildFile; fileRef = EA3CEEEB1BA67DC5000DC2F9 /* UIColor+Extensions.swift */; };
		EA4DF6A91CB0FD1000128FAB /* Dictionary+Extensions.swift in Sources */ = {isa = PBXBuildFile; fileRef = EA4DF6A81CB0FD1000128FAB /* Dictionary+Extensions.swift */; };
		EAA73B731BABB02100BC3988 /* UserDefaultsManager.swift in Sources */ = {isa = PBXBuildFile; fileRef = EAA73B721BABB02100BC3988 /* UserDefaultsManager.swift */; };
		FA161D7B23C42A7100728355 /* SnapshotHelper.swift in Sources */ = {isa = PBXBuildFile; fileRef = FA161D7A23C42A7100728355 /* SnapshotHelper.swift */; };
		FA2B795E23BA70E0005CFB37 /* GMPlace.swift in Sources */ = {isa = PBXBuildFile; fileRef = FA2B795D23BA70E0005CFB37 /* GMPlace.swift */; };
		FA2B796023BA7482005CFB37 /* JSONDecoder+Extensions.swift in Sources */ = {isa = PBXBuildFile; fileRef = FA2B795F23BA7482005CFB37 /* JSONDecoder+Extensions.swift */; };
		FA2B796223BA80E0005CFB37 /* GMTimeZone.swift in Sources */ = {isa = PBXBuildFile; fileRef = FA2B796123BA80E0005CFB37 /* GMTimeZone.swift */; };
		FA854DB723D3B23F00112348 /* SettingsViewModel.swift in Sources */ = {isa = PBXBuildFile; fileRef = FA854DB623D3B23F00112348 /* SettingsViewModel.swift */; };
		FA854DB923D3B25600112348 /* ColorViewModel.swift in Sources */ = {isa = PBXBuildFile; fileRef = FA854DB823D3B25600112348 /* ColorViewModel.swift */; };
		FA9E15C421727B05003D67D2 /* Data.plist in Resources */ = {isa = PBXBuildFile; fileRef = FA9E15C321727B05003D67D2 /* Data.plist */; };
/* End PBXBuildFile section */

/* Begin PBXContainerItemProxy section */
		EA1734371BA676DE008F9BB0 /* PBXContainerItemProxy */ = {
			isa = PBXContainerItemProxy;
			containerPortal = EA17341A1BA676DE008F9BB0 /* Project object */;
			proxyType = 1;
			remoteGlobalIDString = EA1734211BA676DE008F9BB0;
			remoteInfo = Chromatic;
		};
		EA1734421BA676DE008F9BB0 /* PBXContainerItemProxy */ = {
			isa = PBXContainerItemProxy;
			containerPortal = EA17341A1BA676DE008F9BB0 /* Project object */;
			proxyType = 1;
			remoteGlobalIDString = EA1734211BA676DE008F9BB0;
			remoteInfo = Chromatic;
		};
/* End PBXContainerItemProxy section */

/* Begin PBXFileReference section */
		389C15795E8AAAD17EFA0468 /* Pods-Chromatic.debug.xcconfig */ = {isa = PBXFileReference; includeInIndex = 1; lastKnownFileType = text.xcconfig; name = "Pods-Chromatic.debug.xcconfig"; path = "Target Support Files/Pods-Chromatic/Pods-Chromatic.debug.xcconfig"; sourceTree = "<group>"; };
		802A81123A4E7C8C789C0C03 /* Pods-Chromatic.release.xcconfig */ = {isa = PBXFileReference; includeInIndex = 1; lastKnownFileType = text.xcconfig; name = "Pods-Chromatic.release.xcconfig"; path = "Target Support Files/Pods-Chromatic/Pods-Chromatic.release.xcconfig"; sourceTree = "<group>"; };
		D47D1C5C0B08D08B3B92D9F3 /* Pods_Chromatic.framework */ = {isa = PBXFileReference; explicitFileType = wrapper.framework; includeInIndex = 0; path = Pods_Chromatic.framework; sourceTree = BUILT_PRODUCTS_DIR; };
		EA1734221BA676DE008F9BB0 /* Chromatic.app */ = {isa = PBXFileReference; explicitFileType = wrapper.application; includeInIndex = 0; path = Chromatic.app; sourceTree = BUILT_PRODUCTS_DIR; };
		EA1734251BA676DE008F9BB0 /* AppDelegate.swift */ = {isa = PBXFileReference; lastKnownFileType = sourcecode.swift; path = AppDelegate.swift; sourceTree = "<group>"; };
		EA17342A1BA676DE008F9BB0 /* Base */ = {isa = PBXFileReference; lastKnownFileType = file.storyboard; name = Base; path = Base.lproj/Main.storyboard; sourceTree = "<group>"; };
		EA17342C1BA676DE008F9BB0 /* Assets.xcassets */ = {isa = PBXFileReference; lastKnownFileType = folder.assetcatalog; path = Assets.xcassets; sourceTree = "<group>"; };
		EA17342F1BA676DE008F9BB0 /* Base */ = {isa = PBXFileReference; lastKnownFileType = file.storyboard; name = Base; path = Base.lproj/LaunchScreen.storyboard; sourceTree = "<group>"; };
		EA1734311BA676DE008F9BB0 /* Info.plist */ = {isa = PBXFileReference; lastKnownFileType = text.plist.xml; path = Info.plist; sourceTree = "<group>"; };
		EA1734361BA676DE008F9BB0 /* ChromaticTests.xctest */ = {isa = PBXFileReference; explicitFileType = wrapper.cfbundle; includeInIndex = 0; path = ChromaticTests.xctest; sourceTree = BUILT_PRODUCTS_DIR; };
		EA17343A1BA676DE008F9BB0 /* ChromaticTests.swift */ = {isa = PBXFileReference; lastKnownFileType = sourcecode.swift; path = ChromaticTests.swift; sourceTree = "<group>"; };
		EA17343C1BA676DE008F9BB0 /* Info.plist */ = {isa = PBXFileReference; lastKnownFileType = text.plist.xml; path = Info.plist; sourceTree = "<group>"; };
		EA1734411BA676DE008F9BB0 /* ChromaticUITests.xctest */ = {isa = PBXFileReference; explicitFileType = wrapper.cfbundle; includeInIndex = 0; path = ChromaticUITests.xctest; sourceTree = BUILT_PRODUCTS_DIR; };
		EA1734451BA676DE008F9BB0 /* ChromaticUITests.swift */ = {isa = PBXFileReference; lastKnownFileType = sourcecode.swift; path = ChromaticUITests.swift; sourceTree = "<group>"; };
		EA1734471BA676DE008F9BB0 /* Info.plist */ = {isa = PBXFileReference; lastKnownFileType = text.plist.xml; path = Info.plist; sourceTree = "<group>"; };
		EA2B5E3A1BD499A6005DAB1F /* StoreKit.framework */ = {isa = PBXFileReference; lastKnownFileType = wrapper.framework; name = StoreKit.framework; path = System/Library/Frameworks/StoreKit.framework; sourceTree = SDKROOT; };
		EA2DD62F1C8F4A1300BC68AD /* Array+Extensions.swift */ = {isa = PBXFileReference; fileEncoding = 4; lastKnownFileType = sourcecode.swift; path = "Array+Extensions.swift"; sourceTree = "<group>"; };
		EA3CEEE81BA67DC5000DC2F9 /* ColorModel.swift */ = {isa = PBXFileReference; fileEncoding = 4; lastKnownFileType = sourcecode.swift; path = ColorModel.swift; sourceTree = "<group>"; };
		EA3CEEE91BA67DC5000DC2F9 /* ColorViewController.swift */ = {isa = PBXFileReference; fileEncoding = 4; lastKnownFileType = sourcecode.swift; path = ColorViewController.swift; sourceTree = "<group>"; };
		EA3CEEEA1BA67DC5000DC2F9 /* SettingsViewController.swift */ = {isa = PBXFileReference; fileEncoding = 4; lastKnownFileType = sourcecode.swift; path = SettingsViewController.swift; sourceTree = "<group>"; };
		EA3CEEEB1BA67DC5000DC2F9 /* UIColor+Extensions.swift */ = {isa = PBXFileReference; fileEncoding = 4; lastKnownFileType = sourcecode.swift; path = "UIColor+Extensions.swift"; sourceTree = "<group>"; };
		EA4DF6A81CB0FD1000128FAB /* Dictionary+Extensions.swift */ = {isa = PBXFileReference; fileEncoding = 4; lastKnownFileType = sourcecode.swift; path = "Dictionary+Extensions.swift"; sourceTree = "<group>"; };
		EAA73B721BABB02100BC3988 /* UserDefaultsManager.swift */ = {isa = PBXFileReference; fileEncoding = 4; lastKnownFileType = sourcecode.swift; path = UserDefaultsManager.swift; sourceTree = "<group>"; };
		FA161D7A23C42A7100728355 /* SnapshotHelper.swift */ = {isa = PBXFileReference; lastKnownFileType = sourcecode.swift; path = SnapshotHelper.swift; sourceTree = "<group>"; };
		FA2B795D23BA70E0005CFB37 /* GMPlace.swift */ = {isa = PBXFileReference; lastKnownFileType = sourcecode.swift; path = GMPlace.swift; sourceTree = "<group>"; };
		FA2B795F23BA7482005CFB37 /* JSONDecoder+Extensions.swift */ = {isa = PBXFileReference; lastKnownFileType = sourcecode.swift; path = "JSONDecoder+Extensions.swift"; sourceTree = "<group>"; };
		FA2B796123BA80E0005CFB37 /* GMTimeZone.swift */ = {isa = PBXFileReference; lastKnownFileType = sourcecode.swift; path = GMTimeZone.swift; sourceTree = "<group>"; };
		FA854DB623D3B23F00112348 /* SettingsViewModel.swift */ = {isa = PBXFileReference; lastKnownFileType = sourcecode.swift; path = SettingsViewModel.swift; sourceTree = "<group>"; };
		FA854DB823D3B25600112348 /* ColorViewModel.swift */ = {isa = PBXFileReference; lastKnownFileType = sourcecode.swift; path = ColorViewModel.swift; sourceTree = "<group>"; };
		FA9E15C321727B05003D67D2 /* Data.plist */ = {isa = PBXFileReference; lastKnownFileType = text.plist.xml; path = Data.plist; sourceTree = "<group>"; };
/* End PBXFileReference section */

/* Begin PBXFrameworksBuildPhase section */
		EA17341F1BA676DE008F9BB0 /* Frameworks */ = {
			isa = PBXFrameworksBuildPhase;
			buildActionMask = 2147483647;
			files = (
				EA2B5E3B1BD499A6005DAB1F /* StoreKit.framework in Frameworks */,
				E08751F54E85BF346DCFA679 /* Pods_Chromatic.framework in Frameworks */,
			);
			runOnlyForDeploymentPostprocessing = 0;
		};
		EA1734331BA676DE008F9BB0 /* Frameworks */ = {
			isa = PBXFrameworksBuildPhase;
			buildActionMask = 2147483647;
			files = (
			);
			runOnlyForDeploymentPostprocessing = 0;
		};
		EA17343E1BA676DE008F9BB0 /* Frameworks */ = {
			isa = PBXFrameworksBuildPhase;
			buildActionMask = 2147483647;
			files = (
			);
			runOnlyForDeploymentPostprocessing = 0;
		};
/* End PBXFrameworksBuildPhase section */

/* Begin PBXGroup section */
		2AE8D33E2D84E6342D47DCAD /* Frameworks */ = {
			isa = PBXGroup;
			children = (
				D47D1C5C0B08D08B3B92D9F3 /* Pods_Chromatic.framework */,
			);
			name = Frameworks;
			sourceTree = "<group>";
		};
		6D8C7F8EAEBAC617F971C771 /* Pods */ = {
			isa = PBXGroup;
			children = (
				389C15795E8AAAD17EFA0468 /* Pods-Chromatic.debug.xcconfig */,
				802A81123A4E7C8C789C0C03 /* Pods-Chromatic.release.xcconfig */,
			);
			path = Pods;
			sourceTree = "<group>";
		};
		EA1734191BA676DE008F9BB0 = {
			isa = PBXGroup;
			children = (
				EA1734241BA676DE008F9BB0 /* Chromatic */,
				EA1734391BA676DE008F9BB0 /* ChromaticTests */,
				EA1734441BA676DE008F9BB0 /* ChromaticUITests */,
				EA1734231BA676DE008F9BB0 /* Products */,
				EA2B5E3A1BD499A6005DAB1F /* StoreKit.framework */,
				6D8C7F8EAEBAC617F971C771 /* Pods */,
				2AE8D33E2D84E6342D47DCAD /* Frameworks */,
			);
			sourceTree = "<group>";
		};
		EA1734231BA676DE008F9BB0 /* Products */ = {
			isa = PBXGroup;
			children = (
				EA1734221BA676DE008F9BB0 /* Chromatic.app */,
				EA1734361BA676DE008F9BB0 /* ChromaticTests.xctest */,
				EA1734411BA676DE008F9BB0 /* ChromaticUITests.xctest */,
			);
			name = Products;
			sourceTree = "<group>";
		};
		EA1734241BA676DE008F9BB0 /* Chromatic */ = {
			isa = PBXGroup;
			children = (
				EA63C1411C6D067400AE5B04 /* Controllers */,
				FA854DB523D3B22E00112348 /* View Models */,
				FA79C1C723D3B09B00F14CB9 /* Models */,
				EA63C1421C6D068000AE5B04 /* Extensions */,
				EA3CEEE21BA67A8E000DC2F9 /* Supporting Files */,
			);
			path = Chromatic;
			sourceTree = "<group>";
		};
		EA1734391BA676DE008F9BB0 /* ChromaticTests */ = {
			isa = PBXGroup;
			children = (
				EA17343A1BA676DE008F9BB0 /* ChromaticTests.swift */,
				EA17343C1BA676DE008F9BB0 /* Info.plist */,
			);
			path = ChromaticTests;
			sourceTree = "<group>";
		};
		EA1734441BA676DE008F9BB0 /* ChromaticUITests */ = {
			isa = PBXGroup;
			children = (
				FA161D7A23C42A7100728355 /* SnapshotHelper.swift */,
				EA1734451BA676DE008F9BB0 /* ChromaticUITests.swift */,
				EA1734471BA676DE008F9BB0 /* Info.plist */,
			);
			path = ChromaticUITests;
			sourceTree = "<group>";
		};
		EA3CEEE21BA67A8E000DC2F9 /* Supporting Files */ = {
			isa = PBXGroup;
			children = (
				FA79C1C823D3B0A500F14CB9 /* Helpers */,
				EA3CEEE41BA67AB9000DC2F9 /* Images */,
				EA3CEEE31BA67AAF000DC2F9 /* Storyboards */,
				EA1734251BA676DE008F9BB0 /* AppDelegate.swift */,
				FA9E15C321727B05003D67D2 /* Data.plist */,
				EA1734311BA676DE008F9BB0 /* Info.plist */,
			);
			path = "Supporting Files";
			sourceTree = "<group>";
		};
		EA3CEEE31BA67AAF000DC2F9 /* Storyboards */ = {
			isa = PBXGroup;
			children = (
				EA17342E1BA676DE008F9BB0 /* LaunchScreen.storyboard */,
				EA1734291BA676DE008F9BB0 /* Main.storyboard */,
			);
			path = Storyboards;
			sourceTree = "<group>";
		};
		EA3CEEE41BA67AB9000DC2F9 /* Images */ = {
			isa = PBXGroup;
			children = (
				EA17342C1BA676DE008F9BB0 /* Assets.xcassets */,
			);
			path = Images;
			sourceTree = "<group>";
		};
		EA63C1411C6D067400AE5B04 /* Controllers */ = {
			isa = PBXGroup;
			children = (
				EA3CEEE91BA67DC5000DC2F9 /* ColorViewController.swift */,
				EA3CEEEA1BA67DC5000DC2F9 /* SettingsViewController.swift */,
			);
			path = Controllers;
			sourceTree = "<group>";
		};
		EA63C1421C6D068000AE5B04 /* Extensions */ = {
			isa = PBXGroup;
			children = (
				EA2DD62F1C8F4A1300BC68AD /* Array+Extensions.swift */,
				EA4DF6A81CB0FD1000128FAB /* Dictionary+Extensions.swift */,
				FA2B795F23BA7482005CFB37 /* JSONDecoder+Extensions.swift */,
				EA3CEEEB1BA67DC5000DC2F9 /* UIColor+Extensions.swift */,
			);
			path = Extensions;
			sourceTree = "<group>";
		};
		FA79C1C723D3B09B00F14CB9 /* Models */ = {
			isa = PBXGroup;
			children = (
				EA3CEEE81BA67DC5000DC2F9 /* ColorModel.swift */,
				FA2B795D23BA70E0005CFB37 /* GMPlace.swift */,
				FA2B796123BA80E0005CFB37 /* GMTimeZone.swift */,
			);
			path = Models;
			sourceTree = "<group>";
		};
		FA79C1C823D3B0A500F14CB9 /* Helpers */ = {
			isa = PBXGroup;
			children = (
				EAA73B721BABB02100BC3988 /* UserDefaultsManager.swift */,
			);
			path = Helpers;
			sourceTree = "<group>";
		};
		FA854DB523D3B22E00112348 /* View Models */ = {
			isa = PBXGroup;
			children = (
				FA854DB823D3B25600112348 /* ColorViewModel.swift */,
				FA854DB623D3B23F00112348 /* SettingsViewModel.swift */,
			);
			path = "View Models";
			sourceTree = "<group>";
		};
/* End PBXGroup section */

/* Begin PBXNativeTarget section */
		EA1734211BA676DE008F9BB0 /* Chromatic */ = {
			isa = PBXNativeTarget;
			buildConfigurationList = EA17344A1BA676DE008F9BB0 /* Build configuration list for PBXNativeTarget "Chromatic" */;
			buildPhases = (
				758DB8125156F3E931212405 /* [CP] Check Pods Manifest.lock */,
				EA17341E1BA676DE008F9BB0 /* Sources */,
				EA17341F1BA676DE008F9BB0 /* Frameworks */,
				EA1734201BA676DE008F9BB0 /* Resources */,
				34FA08D32954BF6AF415D433 /* [CP] Embed Pods Frameworks */,
				C7527992418EA3B883457073 /* [CP] Copy Pods Resources */,
			);
			buildRules = (
			);
			dependencies = (
			);
			name = Chromatic;
			productName = Chromatic;
			productReference = EA1734221BA676DE008F9BB0 /* Chromatic.app */;
			productType = "com.apple.product-type.application";
		};
		EA1734351BA676DE008F9BB0 /* ChromaticTests */ = {
			isa = PBXNativeTarget;
			buildConfigurationList = EA17344D1BA676DE008F9BB0 /* Build configuration list for PBXNativeTarget "ChromaticTests" */;
			buildPhases = (
				EA1734321BA676DE008F9BB0 /* Sources */,
				EA1734331BA676DE008F9BB0 /* Frameworks */,
				EA1734341BA676DE008F9BB0 /* Resources */,
			);
			buildRules = (
			);
			dependencies = (
				EA1734381BA676DE008F9BB0 /* PBXTargetDependency */,
			);
			name = ChromaticTests;
			productName = ChromaticTests;
			productReference = EA1734361BA676DE008F9BB0 /* ChromaticTests.xctest */;
			productType = "com.apple.product-type.bundle.unit-test";
		};
		EA1734401BA676DE008F9BB0 /* ChromaticUITests */ = {
			isa = PBXNativeTarget;
			buildConfigurationList = EA1734501BA676DE008F9BB0 /* Build configuration list for PBXNativeTarget "ChromaticUITests" */;
			buildPhases = (
				EA17343D1BA676DE008F9BB0 /* Sources */,
				EA17343E1BA676DE008F9BB0 /* Frameworks */,
				EA17343F1BA676DE008F9BB0 /* Resources */,
			);
			buildRules = (
			);
			dependencies = (
				EA1734431BA676DE008F9BB0 /* PBXTargetDependency */,
			);
			name = ChromaticUITests;
			productName = ChromaticUITests;
			productReference = EA1734411BA676DE008F9BB0 /* ChromaticUITests.xctest */;
			productType = "com.apple.product-type.bundle.ui-testing";
		};
/* End PBXNativeTarget section */

/* Begin PBXProject section */
		EA17341A1BA676DE008F9BB0 /* Project object */ = {
			isa = PBXProject;
			attributes = {
				LastSwiftUpdateCheck = 0720;
				LastUpgradeCheck = 1110;
				ORGANIZATIONNAME = alexpersian;
				TargetAttributes = {
					EA1734211BA676DE008F9BB0 = {
						CreatedOnToolsVersion = 7.0;
						DevelopmentTeam = 67BLBCQE27;
						LastSwiftMigration = 1110;
						SystemCapabilities = {
							com.apple.ApplicationGroups.iOS = {
								enabled = 0;
							};
							com.apple.InAppPurchase = {
								enabled = 1;
							};
						};
					};
					EA1734351BA676DE008F9BB0 = {
						CreatedOnToolsVersion = 7.0;
						LastSwiftMigration = 1110;
						TestTargetID = EA1734211BA676DE008F9BB0;
					};
					EA1734401BA676DE008F9BB0 = {
						CreatedOnToolsVersion = 7.0;
						LastSwiftMigration = 1110;
						TestTargetID = EA1734211BA676DE008F9BB0;
					};
				};
			};
			buildConfigurationList = EA17341D1BA676DE008F9BB0 /* Build configuration list for PBXProject "Chromatic" */;
			compatibilityVersion = "Xcode 3.2";
			developmentRegion = en;
			hasScannedForEncodings = 0;
			knownRegions = (
				en,
				Base,
			);
			mainGroup = EA1734191BA676DE008F9BB0;
			productRefGroup = EA1734231BA676DE008F9BB0 /* Products */;
			projectDirPath = "";
			projectRoot = "";
			targets = (
				EA1734211BA676DE008F9BB0 /* Chromatic */,
				EA1734351BA676DE008F9BB0 /* ChromaticTests */,
				EA1734401BA676DE008F9BB0 /* ChromaticUITests */,
			);
		};
/* End PBXProject section */

/* Begin PBXResourcesBuildPhase section */
		EA1734201BA676DE008F9BB0 /* Resources */ = {
			isa = PBXResourcesBuildPhase;
			buildActionMask = 2147483647;
			files = (
				EA1734301BA676DE008F9BB0 /* LaunchScreen.storyboard in Resources */,
				EA17342D1BA676DE008F9BB0 /* Assets.xcassets in Resources */,
				FA9E15C421727B05003D67D2 /* Data.plist in Resources */,
				EA17342B1BA676DE008F9BB0 /* Main.storyboard in Resources */,
			);
			runOnlyForDeploymentPostprocessing = 0;
		};
		EA1734341BA676DE008F9BB0 /* Resources */ = {
			isa = PBXResourcesBuildPhase;
			buildActionMask = 2147483647;
			files = (
			);
			runOnlyForDeploymentPostprocessing = 0;
		};
		EA17343F1BA676DE008F9BB0 /* Resources */ = {
			isa = PBXResourcesBuildPhase;
			buildActionMask = 2147483647;
			files = (
			);
			runOnlyForDeploymentPostprocessing = 0;
		};
/* End PBXResourcesBuildPhase section */

/* Begin PBXShellScriptBuildPhase section */
		34FA08D32954BF6AF415D433 /* [CP] Embed Pods Frameworks */ = {
			isa = PBXShellScriptBuildPhase;
			buildActionMask = 2147483647;
			files = (
			);
			inputPaths = (
				"${PODS_ROOT}/Target Support Files/Pods-Chromatic/Pods-Chromatic-frameworks.sh",
				"${BUILT_PRODUCTS_DIR}/Alamofire/Alamofire.framework",
				"${BUILT_PRODUCTS_DIR}/SwiftyTimer/SwiftyTimer.framework",
			);
			name = "[CP] Embed Pods Frameworks";
			outputPaths = (
				"${TARGET_BUILD_DIR}/${FRAMEWORKS_FOLDER_PATH}/Alamofire.framework",
				"${TARGET_BUILD_DIR}/${FRAMEWORKS_FOLDER_PATH}/SwiftyTimer.framework",
			);
			runOnlyForDeploymentPostprocessing = 0;
			shellPath = /bin/sh;
			shellScript = "\"${PODS_ROOT}/Target Support Files/Pods-Chromatic/Pods-Chromatic-frameworks.sh\"\n";
			showEnvVarsInLog = 0;
		};
		758DB8125156F3E931212405 /* [CP] Check Pods Manifest.lock */ = {
			isa = PBXShellScriptBuildPhase;
			buildActionMask = 2147483647;
			files = (
			);
			inputFileListPaths = (
			);
			inputPaths = (
				"${PODS_PODFILE_DIR_PATH}/Podfile.lock",
				"${PODS_ROOT}/Manifest.lock",
			);
			name = "[CP] Check Pods Manifest.lock";
			outputFileListPaths = (
			);
			outputPaths = (
				"$(DERIVED_FILE_DIR)/Pods-Chromatic-checkManifestLockResult.txt",
			);
			runOnlyForDeploymentPostprocessing = 0;
			shellPath = /bin/sh;
			shellScript = "diff \"${PODS_PODFILE_DIR_PATH}/Podfile.lock\" \"${PODS_ROOT}/Manifest.lock\" > /dev/null\nif [ $? != 0 ] ; then\n    # print error to STDERR\n    echo \"error: The sandbox is not in sync with the Podfile.lock. Run 'pod install' or update your CocoaPods installation.\" >&2\n    exit 1\nfi\n# This output is used by Xcode 'outputs' to avoid re-running this script phase.\necho \"SUCCESS\" > \"${SCRIPT_OUTPUT_FILE_0}\"\n";
			showEnvVarsInLog = 0;
		};
		C7527992418EA3B883457073 /* [CP] Copy Pods Resources */ = {
			isa = PBXShellScriptBuildPhase;
			buildActionMask = 2147483647;
			files = (
			);
			inputPaths = (
				"${PODS_ROOT}/Target Support Files/Pods-Chromatic/Pods-Chromatic-resources.sh",
				"${PODS_ROOT}/GoogleMaps/Maps/Frameworks/GoogleMaps.framework/Resources/GoogleMaps.bundle",
				"${PODS_ROOT}/GooglePlaces/Frameworks/GooglePlaces.framework/Resources/GooglePlaces.bundle",
			);
			name = "[CP] Copy Pods Resources";
			outputPaths = (
				"${TARGET_BUILD_DIR}/${UNLOCALIZED_RESOURCES_FOLDER_PATH}/GoogleMaps.bundle",
				"${TARGET_BUILD_DIR}/${UNLOCALIZED_RESOURCES_FOLDER_PATH}/GooglePlaces.bundle",
			);
			runOnlyForDeploymentPostprocessing = 0;
			shellPath = /bin/sh;
			shellScript = "\"${PODS_ROOT}/Target Support Files/Pods-Chromatic/Pods-Chromatic-resources.sh\"\n";
			showEnvVarsInLog = 0;
		};
/* End PBXShellScriptBuildPhase section */

/* Begin PBXSourcesBuildPhase section */
		EA17341E1BA676DE008F9BB0 /* Sources */ = {
			isa = PBXSourcesBuildPhase;
			buildActionMask = 2147483647;
			files = (
				EA3CEEF11BA67DC5000DC2F9 /* UIColor+Extensions.swift in Sources */,
				FA2B796023BA7482005CFB37 /* JSONDecoder+Extensions.swift in Sources */,
				EA1734261BA676DE008F9BB0 /* AppDelegate.swift in Sources */,
				EA3CEEEF1BA67DC5000DC2F9 /* ColorViewController.swift in Sources */,
				EA4DF6A91CB0FD1000128FAB /* Dictionary+Extensions.swift in Sources */,
				EAA73B731BABB02100BC3988 /* UserDefaultsManager.swift in Sources */,
				FA854DB923D3B25600112348 /* ColorViewModel.swift in Sources */,
				FA2B795E23BA70E0005CFB37 /* GMPlace.swift in Sources */,
				EA2DD6301C8F4A1300BC68AD /* Array+Extensions.swift in Sources */,
				EA3CEEEE1BA67DC5000DC2F9 /* ColorModel.swift in Sources */,
				FA2B796223BA80E0005CFB37 /* GMTimeZone.swift in Sources */,
				EA3CEEF01BA67DC5000DC2F9 /* SettingsViewController.swift in Sources */,
				FA854DB723D3B23F00112348 /* SettingsViewModel.swift in Sources */,
			);
			runOnlyForDeploymentPostprocessing = 0;
		};
		EA1734321BA676DE008F9BB0 /* Sources */ = {
			isa = PBXSourcesBuildPhase;
			buildActionMask = 2147483647;
			files = (
				EA17343B1BA676DE008F9BB0 /* ChromaticTests.swift in Sources */,
			);
			runOnlyForDeploymentPostprocessing = 0;
		};
		EA17343D1BA676DE008F9BB0 /* Sources */ = {
			isa = PBXSourcesBuildPhase;
			buildActionMask = 2147483647;
			files = (
				FA161D7B23C42A7100728355 /* SnapshotHelper.swift in Sources */,
				EA1734461BA676DE008F9BB0 /* ChromaticUITests.swift in Sources */,
			);
			runOnlyForDeploymentPostprocessing = 0;
		};
/* End PBXSourcesBuildPhase section */

/* Begin PBXTargetDependency section */
		EA1734381BA676DE008F9BB0 /* PBXTargetDependency */ = {
			isa = PBXTargetDependency;
			target = EA1734211BA676DE008F9BB0 /* Chromatic */;
			targetProxy = EA1734371BA676DE008F9BB0 /* PBXContainerItemProxy */;
		};
		EA1734431BA676DE008F9BB0 /* PBXTargetDependency */ = {
			isa = PBXTargetDependency;
			target = EA1734211BA676DE008F9BB0 /* Chromatic */;
			targetProxy = EA1734421BA676DE008F9BB0 /* PBXContainerItemProxy */;
		};
/* End PBXTargetDependency section */

/* Begin PBXVariantGroup section */
		EA1734291BA676DE008F9BB0 /* Main.storyboard */ = {
			isa = PBXVariantGroup;
			children = (
				EA17342A1BA676DE008F9BB0 /* Base */,
			);
			name = Main.storyboard;
			path = .;
			sourceTree = "<group>";
		};
		EA17342E1BA676DE008F9BB0 /* LaunchScreen.storyboard */ = {
			isa = PBXVariantGroup;
			children = (
				EA17342F1BA676DE008F9BB0 /* Base */,
			);
			name = LaunchScreen.storyboard;
			path = .;
			sourceTree = "<group>";
		};
/* End PBXVariantGroup section */

/* Begin XCBuildConfiguration section */
		EA1734481BA676DE008F9BB0 /* Debug */ = {
			isa = XCBuildConfiguration;
			buildSettings = {
				ALWAYS_EMBED_SWIFT_STANDARD_LIBRARIES = YES;
				ALWAYS_SEARCH_USER_PATHS = NO;
				CLANG_ANALYZER_LOCALIZABILITY_NONLOCALIZED = YES;
				CLANG_CXX_LANGUAGE_STANDARD = "gnu++0x";
				CLANG_CXX_LIBRARY = "libc++";
				CLANG_ENABLE_MODULES = YES;
				CLANG_ENABLE_OBJC_ARC = YES;
				CLANG_WARN_BLOCK_CAPTURE_AUTORELEASING = YES;
				CLANG_WARN_BOOL_CONVERSION = YES;
				CLANG_WARN_COMMA = YES;
				CLANG_WARN_CONSTANT_CONVERSION = YES;
				CLANG_WARN_DEPRECATED_OBJC_IMPLEMENTATIONS = YES;
				CLANG_WARN_DIRECT_OBJC_ISA_USAGE = YES_ERROR;
				CLANG_WARN_EMPTY_BODY = YES;
				CLANG_WARN_ENUM_CONVERSION = YES;
				CLANG_WARN_INFINITE_RECURSION = YES;
				CLANG_WARN_INT_CONVERSION = YES;
				CLANG_WARN_NON_LITERAL_NULL_CONVERSION = YES;
				CLANG_WARN_OBJC_IMPLICIT_RETAIN_SELF = YES;
				CLANG_WARN_OBJC_LITERAL_CONVERSION = YES;
				CLANG_WARN_OBJC_ROOT_CLASS = YES_ERROR;
				CLANG_WARN_RANGE_LOOP_ANALYSIS = YES;
				CLANG_WARN_STRICT_PROTOTYPES = YES;
				CLANG_WARN_SUSPICIOUS_MOVE = YES;
				CLANG_WARN_UNREACHABLE_CODE = YES;
				CLANG_WARN__DUPLICATE_METHOD_MATCH = YES;
				"CODE_SIGN_IDENTITY[sdk=iphoneos*]" = "iPhone Developer";
				COPY_PHASE_STRIP = NO;
				DEBUG_INFORMATION_FORMAT = dwarf;
				ENABLE_STRICT_OBJC_MSGSEND = YES;
				ENABLE_TESTABILITY = YES;
				GCC_C_LANGUAGE_STANDARD = gnu99;
				GCC_DYNAMIC_NO_PIC = NO;
				GCC_NO_COMMON_BLOCKS = YES;
				GCC_OPTIMIZATION_LEVEL = 0;
				GCC_PREPROCESSOR_DEFINITIONS = (
					"DEBUG=1",
					"$(inherited)",
				);
				GCC_WARN_64_TO_32_BIT_CONVERSION = YES;
				GCC_WARN_ABOUT_RETURN_TYPE = YES_ERROR;
				GCC_WARN_UNDECLARED_SELECTOR = YES;
				GCC_WARN_UNINITIALIZED_AUTOS = YES_AGGRESSIVE;
				GCC_WARN_UNUSED_FUNCTION = YES;
				GCC_WARN_UNUSED_VARIABLE = YES;
				IPHONEOS_DEPLOYMENT_TARGET = 17.0;
				MTL_ENABLE_DEBUG_INFO = YES;
				ONLY_ACTIVE_ARCH = YES;
				SDKROOT = iphoneos;
				SWIFT_OPTIMIZATION_LEVEL = "-Onone";
				SWIFT_VERSION = 4.0;
			};
			name = Debug;
		};
		EA1734491BA676DE008F9BB0 /* Release */ = {
			isa = XCBuildConfiguration;
			buildSettings = {
				ALWAYS_EMBED_SWIFT_STANDARD_LIBRARIES = YES;
				ALWAYS_SEARCH_USER_PATHS = NO;
				CLANG_ANALYZER_LOCALIZABILITY_NONLOCALIZED = YES;
				CLANG_CXX_LANGUAGE_STANDARD = "gnu++0x";
				CLANG_CXX_LIBRARY = "libc++";
				CLANG_ENABLE_MODULES = YES;
				CLANG_ENABLE_OBJC_ARC = YES;
				CLANG_WARN_BLOCK_CAPTURE_AUTORELEASING = YES;
				CLANG_WARN_BOOL_CONVERSION = YES;
				CLANG_WARN_COMMA = YES;
				CLANG_WARN_CONSTANT_CONVERSION = YES;
				CLANG_WARN_DEPRECATED_OBJC_IMPLEMENTATIONS = YES;
				CLANG_WARN_DIRECT_OBJC_ISA_USAGE = YES_ERROR;
				CLANG_WARN_EMPTY_BODY = YES;
				CLANG_WARN_ENUM_CONVERSION = YES;
				CLANG_WARN_INFINITE_RECURSION = YES;
				CLANG_WARN_INT_CONVERSION = YES;
				CLANG_WARN_NON_LITERAL_NULL_CONVERSION = YES;
				CLANG_WARN_OBJC_IMPLICIT_RETAIN_SELF = YES;
				CLANG_WARN_OBJC_LITERAL_CONVERSION = YES;
				CLANG_WARN_OBJC_ROOT_CLASS = YES_ERROR;
				CLANG_WARN_RANGE_LOOP_ANALYSIS = YES;
				CLANG_WARN_STRICT_PROTOTYPES = YES;
				CLANG_WARN_SUSPICIOUS_MOVE = YES;
				CLANG_WARN_UNREACHABLE_CODE = YES;
				CLANG_WARN__DUPLICATE_METHOD_MATCH = YES;
				"CODE_SIGN_IDENTITY[sdk=iphoneos*]" = "iPhone Developer";
				COPY_PHASE_STRIP = NO;
				DEBUG_INFORMATION_FORMAT = "dwarf-with-dsym";
				ENABLE_NS_ASSERTIONS = NO;
				ENABLE_STRICT_OBJC_MSGSEND = YES;
				GCC_C_LANGUAGE_STANDARD = gnu99;
				GCC_NO_COMMON_BLOCKS = YES;
				GCC_WARN_64_TO_32_BIT_CONVERSION = YES;
				GCC_WARN_ABOUT_RETURN_TYPE = YES_ERROR;
				GCC_WARN_UNDECLARED_SELECTOR = YES;
				GCC_WARN_UNINITIALIZED_AUTOS = YES_AGGRESSIVE;
				GCC_WARN_UNUSED_FUNCTION = YES;
				GCC_WARN_UNUSED_VARIABLE = YES;
				IPHONEOS_DEPLOYMENT_TARGET = 17.0;
				MTL_ENABLE_DEBUG_INFO = NO;
				SDKROOT = iphoneos;
				SWIFT_COMPILATION_MODE = wholemodule;
				SWIFT_VERSION = 4.0;
				VALIDATE_PRODUCT = YES;
			};
			name = Release;
		};
		EA17344B1BA676DE008F9BB0 /* Debug */ = {
			isa = XCBuildConfiguration;
			baseConfigurationReference = 389C15795E8AAAD17EFA0468 /* Pods-Chromatic.debug.xcconfig */;
			buildSettings = {
				ALWAYS_EMBED_SWIFT_STANDARD_LIBRARIES = "$(inherited)";
				ASSETCATALOG_COMPILER_APPICON_NAME = AppIcon;
				CLANG_ENABLE_MODULES = YES;
				CODE_SIGN_IDENTITY = "iPhone Developer";
				"CODE_SIGN_IDENTITY[sdk=iphoneos*]" = "iPhone Developer";
				CURRENT_PROJECT_VERSION = 1;
				ENABLE_BITCODE = YES;
				FRAMEWORK_SEARCH_PATHS = "$(inherited)";
				INFOPLIST_FILE = "Chromatic/Supporting Files/Info.plist";
				IPHONEOS_DEPLOYMENT_TARGET = 17.0;
				LD_RUNPATH_SEARCH_PATHS = "$(inherited) @executable_path/Frameworks";
				MARKETING_VERSION = 2.0.2;
				OTHER_LDFLAGS = (
					"$(inherited)",
					"-ObjC",
					"-l\"c++\"",
					"-l\"icucore\"",
					"-l\"z\"",
					"-framework",
					"\"AVFoundation\"",
					"-framework",
					"\"Accelerate\"",
					"-framework",
					"\"Alamofire\"",
					"-framework",
					"\"CoreBluetooth\"",
					"-framework",
					"\"CoreData\"",
					"-framework",
					"\"CoreGraphics\"",
					"-framework",
					"\"CoreLocation\"",
					"-framework",
					"\"CoreText\"",
					"-framework",
					"\"GLKit\"",
					"-framework",
					"\"GoogleMaps\"",
					"-framework",
					"\"ImageIO\"",
					"-framework",
					"\"OpenGLES\"",
					"-framework",
					"\"QuartzCore\"",
					"-framework",
					"\"Security\"",
					"-framework",
					"\"SwiftyTimer\"",
					"-framework",
					"\"SystemConfiguration\"",
				);
				PRODUCT_BUNDLE_IDENTIFIER = com.alexpersian.Chromatic;
				PRODUCT_NAME = "$(TARGET_NAME)";
				PROVISIONING_PROFILE = "";
				SWIFT_INSTALL_OBJC_HEADER = NO;
				SWIFT_OBJC_BRIDGING_HEADER = "";
				SWIFT_OPTIMIZATION_LEVEL = "-Onone";
				SWIFT_SWIFT3_OBJC_INFERENCE = Off;
				SWIFT_VERSION = 5.0;
				TARGETED_DEVICE_FAMILY = "1,2";
			};
			name = Debug;
		};
		EA17344C1BA676DE008F9BB0 /* Release */ = {
			isa = XCBuildConfiguration;
			baseConfigurationReference = 802A81123A4E7C8C789C0C03 /* Pods-Chromatic.release.xcconfig */;
			buildSettings = {
				ALWAYS_EMBED_SWIFT_STANDARD_LIBRARIES = "$(inherited)";
				ASSETCATALOG_COMPILER_APPICON_NAME = AppIcon;
				CLANG_ENABLE_MODULES = YES;
				CODE_SIGN_IDENTITY = "iPhone Developer";
				"CODE_SIGN_IDENTITY[sdk=iphoneos*]" = "iPhone Developer";
				CURRENT_PROJECT_VERSION = 1;
				ENABLE_BITCODE = YES;
				FRAMEWORK_SEARCH_PATHS = "$(inherited)";
				INFOPLIST_FILE = "Chromatic/Supporting Files/Info.plist";
				IPHONEOS_DEPLOYMENT_TARGET = 17.0;
				LD_RUNPATH_SEARCH_PATHS = "$(inherited) @executable_path/Frameworks";
				MARKETING_VERSION = 2.0.2;
				OTHER_LDFLAGS = (
					"$(inherited)",
					"-ObjC",
					"-l\"c++\"",
					"-l\"icucore\"",
					"-l\"z\"",
					"-framework",
					"\"AVFoundation\"",
					"-framework",
					"\"Accelerate\"",
					"-framework",
					"\"Alamofire\"",
					"-framework",
					"\"CoreBluetooth\"",
					"-framework",
					"\"CoreData\"",
					"-framework",
					"\"CoreGraphics\"",
					"-framework",
					"\"CoreLocation\"",
					"-framework",
					"\"CoreText\"",
					"-framework",
					"\"GLKit\"",
					"-framework",
					"\"GoogleMaps\"",
					"-framework",
					"\"ImageIO\"",
					"-framework",
					"\"OpenGLES\"",
					"-framework",
					"\"QuartzCore\"",
					"-framework",
					"\"Security\"",
					"-framework",
					"\"SwiftyTimer\"",
					"-framework",
					"\"SystemConfiguration\"",
				);
				PRODUCT_BUNDLE_IDENTIFIER = com.alexpersian.Chromatic;
				PRODUCT_NAME = "$(TARGET_NAME)";
				PROVISIONING_PROFILE = "";
				SWIFT_INSTALL_OBJC_HEADER = NO;
				SWIFT_OBJC_BRIDGING_HEADER = "";
				SWIFT_SWIFT3_OBJC_INFERENCE = Off;
				SWIFT_VERSION = 5.0;
				TARGETED_DEVICE_FAMILY = "1,2";
			};
			name = Release;
		};
		EA17344E1BA676DE008F9BB0 /* Debug */ = {
			isa = XCBuildConfiguration;
			buildSettings = {
				ALWAYS_EMBED_SWIFT_STANDARD_LIBRARIES = "$(inherited)";
				BUNDLE_LOADER = "$(TEST_HOST)";
				ENABLE_BITCODE = YES;
				INFOPLIST_FILE = ChromaticTests/Info.plist;
				LD_RUNPATH_SEARCH_PATHS = "$(inherited) @executable_path/Frameworks @loader_path/Frameworks";
				PRODUCT_BUNDLE_IDENTIFIER = com.alexpersian.ChromaticTests;
				PRODUCT_NAME = "$(TARGET_NAME)";
				SWIFT_SWIFT3_OBJC_INFERENCE = Off;
				SWIFT_VERSION = 5.0;
				TARGETED_DEVICE_FAMILY = 1;
				TEST_HOST = "$(BUILT_PRODUCTS_DIR)/Chromatic.app/Chromatic";
			};
			name = Debug;
		};
		EA17344F1BA676DE008F9BB0 /* Release */ = {
			isa = XCBuildConfiguration;
			buildSettings = {
				ALWAYS_EMBED_SWIFT_STANDARD_LIBRARIES = "$(inherited)";
				BUNDLE_LOADER = "$(TEST_HOST)";
				ENABLE_BITCODE = YES;
				INFOPLIST_FILE = ChromaticTests/Info.plist;
				LD_RUNPATH_SEARCH_PATHS = "$(inherited) @executable_path/Frameworks @loader_path/Frameworks";
				PRODUCT_BUNDLE_IDENTIFIER = com.alexpersian.ChromaticTests;
				PRODUCT_NAME = "$(TARGET_NAME)";
				SWIFT_SWIFT3_OBJC_INFERENCE = Off;
				SWIFT_VERSION = 5.0;
				TARGETED_DEVICE_FAMILY = 1;
				TEST_HOST = "$(BUILT_PRODUCTS_DIR)/Chromatic.app/Chromatic";
			};
			name = Release;
		};
		EA1734511BA676DE008F9BB0 /* Debug */ = {
			isa = XCBuildConfiguration;
			buildSettings = {
				ALWAYS_EMBED_SWIFT_STANDARD_LIBRARIES = "$(inherited)";
				ENABLE_BITCODE = YES;
				INFOPLIST_FILE = ChromaticUITests/Info.plist;
				LD_RUNPATH_SEARCH_PATHS = "$(inherited) @executable_path/Frameworks @loader_path/Frameworks";
				PRODUCT_BUNDLE_IDENTIFIER = com.alexpersian.ChromaticUITests;
				PRODUCT_NAME = "$(TARGET_NAME)";
				SWIFT_SWIFT3_OBJC_INFERENCE = Off;
				SWIFT_VERSION = 5.0;
				TARGETED_DEVICE_FAMILY = 1;
				TEST_TARGET_NAME = Chromatic;
				USES_XCTRUNNER = YES;
			};
			name = Debug;
		};
		EA1734521BA676DE008F9BB0 /* Release */ = {
			isa = XCBuildConfiguration;
			buildSettings = {
				ALWAYS_EMBED_SWIFT_STANDARD_LIBRARIES = "$(inherited)";
				ENABLE_BITCODE = YES;
				INFOPLIST_FILE = ChromaticUITests/Info.plist;
				LD_RUNPATH_SEARCH_PATHS = "$(inherited) @executable_path/Frameworks @loader_path/Frameworks";
				PRODUCT_BUNDLE_IDENTIFIER = com.alexpersian.ChromaticUITests;
				PRODUCT_NAME = "$(TARGET_NAME)";
				SWIFT_SWIFT3_OBJC_INFERENCE = Off;
				SWIFT_VERSION = 5.0;
				TARGETED_DEVICE_FAMILY = 1;
				TEST_TARGET_NAME = Chromatic;
				USES_XCTRUNNER = YES;
			};
			name = Release;
		};
/* End XCBuildConfiguration section */

/* Begin XCConfigurationList section */
		EA17341D1BA676DE008F9BB0 /* Build configuration list for PBXProject "Chromatic" */ = {
			isa = XCConfigurationList;
			buildConfigurations = (
				EA1734481BA676DE008F9BB0 /* Debug */,
				EA1734491BA676DE008F9BB0 /* Release */,
			);
			defaultConfigurationIsVisible = 0;
			defaultConfigurationName = Release;
		};
		EA17344A1BA676DE008F9BB0 /* Build configuration list for PBXNativeTarget "Chromatic" */ = {
			isa = XCConfigurationList;
			buildConfigurations = (
				EA17344B1BA676DE008F9BB0 /* Debug */,
				EA17344C1BA676DE008F9BB0 /* Release */,
			);
			defaultConfigurationIsVisible = 0;
			defaultConfigurationName = Release;
		};
		EA17344D1BA676DE008F9BB0 /* Build configuration list for PBXNativeTarget "ChromaticTests" */ = {
			isa = XCConfigurationList;
			buildConfigurations = (
				EA17344E1BA676DE008F9BB0 /* Debug */,
				EA17344F1BA676DE008F9BB0 /* Release */,
			);
			defaultConfigurationIsVisible = 0;
			defaultConfigurationName = Release;
		};
		EA1734501BA676DE008F9BB0 /* Build configuration list for PBXNativeTarget "ChromaticUITests" */ = {
			isa = XCConfigurationList;
			buildConfigurations = (
				EA1734511BA676DE008F9BB0 /* Debug */,
				EA1734521BA676DE008F9BB0 /* Release */,
			);
			defaultConfigurationIsVisible = 0;
			defaultConfigurationName = Release;
		};
/* End XCConfigurationList section */
	};
	rootObject = EA17341A1BA676DE008F9BB0 /* Project object */;
}
